
Microsoft Visual Studio Solution File, Format Version 12.00
# Visual Studio Version 17
VisualStudioVersion = 17.4.33213.308
MinimumVisualStudioVersion = 10.0.40219.1
Project("{9A19103F-16F7-4668-BE54-9A1E7A4F7556}") = "DISCREESTR.API", "DISCREESTR.API\DISCREESTR.API.csproj", "{E45E13F8-561A-4555-AB9B-582E47015001}"
EndProject
Project("{9A19103F-16F7-4668-BE54-9A1E7A4F7556}") = "DISCREESTR.DOMAIN", "DISCREESTR.DOMAIN\DISCREESTR.DOMAIN.csproj", "{01AACE7D-9498-4607-B527-DEB236E9E63C}"
EndProject
Project("{9A19103F-16F7-4668-BE54-9A1E7A4F7556}") = "DISCREESTR.Infrastructure", "DISCREESTR.Infrastructure\DISCREESTR.Infrastructure.csproj", "{7DBE1F09-6F6A-4FC6-8BEE-C765541F446A}"
EndProject
Project("{FAE04EC0-301F-11D3-BF4B-00C04F79EFBC}") = "BlazorApp1.Server", "BlazorApp1\Server\BlazorApp1.Server.csproj", "{FAF96ED6-CD21-4401-83F3-108A879D22BE}"
EndProject
Project("{FAE04EC0-301F-11D3-BF4B-00C04F79EFBC}") = "BlazorApp1.Client", "BlazorApp1\Client\BlazorApp1.Client.csproj", "{6E1E500C-B478-4488-AAFD-CD0406280377}"
EndProject
Project("{FAE04EC0-301F-11D3-BF4B-00C04F79EFBC}") = "BlazorApp1.Shared", "BlazorApp1\Shared\BlazorApp1.Shared.csproj", "{3C05A260-7A3F-4BA1-8115-8ADB7F91EBC7}"
EndProject
Global
	GlobalSection(SolutionConfigurationPlatforms) = preSolution
		Debug|Any CPU = Debug|Any CPU
		Release|Any CPU = Release|Any CPU
	EndGlobalSection
	GlobalSection(ProjectConfigurationPlatforms) = postSolution
		{E45E13F8-561A-4555-AB9B-582E47015001}.Debug|Any CPU.ActiveCfg = Debug|Any CPU
		{E45E13F8-561A-4555-AB9B-582E47015001}.Debug|Any CPU.Build.0 = Debug|Any CPU
		{E45E13F8-561A-4555-AB9B-582E47015001}.Release|Any CPU.ActiveCfg = Release|Any CPU
		{E45E13F8-561A-4555-AB9B-582E47015001}.Release|Any CPU.Build.0 = Release|Any CPU
		{01AACE7D-9498-4607-B527-DEB236E9E63C}.Debug|Any CPU.ActiveCfg = Debug|Any CPU
		{01AACE7D-9498-4607-B527-DEB236E9E63C}.Debug|Any CPU.Build.0 = Debug|Any CPU
		{01AACE7D-9498-4607-B527-DEB236E9E63C}.Release|Any CPU.ActiveCfg = Release|Any CPU
		{01AACE7D-9498-4607-B527-DEB236E9E63C}.Release|Any CPU.Build.0 = Release|Any CPU
		{7DBE1F09-6F6A-4FC6-8BEE-C765541F446A}.Debug|Any CPU.ActiveCfg = Debug|Any CPU
		{7DBE1F09-6F6A-4FC6-8BEE-C765541F446A}.Debug|Any CPU.Build.0 = Debug|Any CPU
		{7DBE1F09-6F6A-4FC6-8BEE-C765541F446A}.Release|Any CPU.ActiveCfg = Release|Any CPU
		{7DBE1F09-6F6A-4FC6-8BEE-C765541F446A}.Release|Any CPU.Build.0 = Release|Any CPU
		{FAF96ED6-CD21-4401-83F3-108A879D22BE}.Debug|Any CPU.ActiveCfg = Debug|Any CPU
		{FAF96ED6-CD21-4401-83F3-108A879D22BE}.Debug|Any CPU.Build.0 = Debug|Any CPU
		{FAF96ED6-CD21-4401-83F3-108A879D22BE}.Release|Any CPU.ActiveCfg = Release|Any CPU
		{FAF96ED6-CD21-4401-83F3-108A879D22BE}.Release|Any CPU.Build.0 = Release|Any CPU
		{6E1E500C-B478-4488-AAFD-CD0406280377}.Debug|Any CPU.ActiveCfg = Debug|Any CPU
		{6E1E500C-B478-4488-AAFD-CD0406280377}.Debug|Any CPU.Build.0 = Debug|Any CPU
		{6E1E500C-B478-4488-AAFD-CD0406280377}.Release|Any CPU.ActiveCfg = Release|Any CPU
		{6E1E500C-B478-4488-AAFD-CD0406280377}.Release|Any CPU.Build.0 = Release|Any CPU
		{3C05A260-7A3F-4BA1-8115-8ADB7F91EBC7}.Debug|Any CPU.ActiveCfg = Debug|Any CPU
		{3C05A260-7A3F-4BA1-8115-8ADB7F91EBC7}.Debug|Any CPU.Build.0 = Debug|Any CPU
		{3C05A260-7A3F-4BA1-8115-8ADB7F91EBC7}.Release|Any CPU.ActiveCfg = Release|Any CPU
		{3C05A260-7A3F-4BA1-8115-8ADB7F91EBC7}.Release|Any CPU.Build.0 = Release|Any CPU
	EndGlobalSection
	GlobalSection(SolutionProperties) = preSolution
		HideSolutionNode = FALSE
	EndGlobalSection
	GlobalSection(ExtensibilityGlobals) = postSolution
		SolutionGuid = {F654E35D-C1DA-481F-B65A-ACDFADABE7BE}
	EndGlobalSection
EndGlobal
